
Microsoft Visual Studio Solution File, Format Version 12.00
# Visual Studio Version 17
VisualStudioVersion = 17.8.34322.80
MinimumVisualStudioVersion = 10.0.40219.1
Project("{FAE04EC0-301F-11D3-BF4B-00C04F79EFBC}") = "HomeworkWithDelegateAndException", "HomeworkWithDelegateAndException\HomeworkWithDelegateAndException.csproj", "{7B3E216E-86F9-41FA-A53D-0AD0587F520A}"
EndProject
Global
	GlobalSection(SolutionConfigurationPlatforms) = preSolution
		Debug|Any CPU = Debug|Any CPU
		Release|Any CPU = Release|Any CPU
	EndGlobalSection
	GlobalSection(ProjectConfigurationPlatforms) = postSolution
		{7B3E216E-86F9-41FA-A53D-0AD0587F520A}.Debug|Any CPU.ActiveCfg = Debug|Any CPU
		{7B3E216E-86F9-41FA-A53D-0AD0587F520A}.Debug|Any CPU.Build.0 = Debug|Any CPU
		{7B3E216E-86F9-41FA-A53D-0AD0587F520A}.Release|Any CPU.ActiveCfg = Release|Any CPU
		{7B3E216E-86F9-41FA-A53D-0AD0587F520A}.Release|Any CPU.Build.0 = Release|Any CPU
	EndGlobalSection
	GlobalSection(SolutionProperties) = preSolution
		HideSolutionNode = FALSE
	EndGlobalSection
	GlobalSection(ExtensibilityGlobals) = postSolution
		SolutionGuid = {8071BB89-0691-4F7C-8B77-E8994836E947}
	EndGlobalSection
EndGlobal
